
Microsoft Visual Studio Solution File, Format Version 12.00
# Visual Studio Version 17
VisualStudioVersion = 17.3.32819.101
MinimumVisualStudioVersion = 10.0.40219.1
Project("{FAE04EC0-301F-11D3-BF4B-00C04F79EFBC}") = "AcademiaDotNetAtos", "AcademiaDotNetAtos\AcademiaDotNetAtos.csproj", "{D303380F-A2B2-4066-8E84-6229803EB470}"
EndProject
Global
	GlobalSection(SolutionConfigurationPlatforms) = preSolution
		Debug|Any CPU = Debug|Any CPU
		Release|Any CPU = Release|Any CPU
	EndGlobalSection
	GlobalSection(ProjectConfigurationPlatforms) = postSolution
		{D303380F-A2B2-4066-8E84-6229803EB470}.Debug|Any CPU.ActiveCfg = Debug|Any CPU
		{D303380F-A2B2-4066-8E84-6229803EB470}.Debug|Any CPU.Build.0 = Debug|Any CPU
		{D303380F-A2B2-4066-8E84-6229803EB470}.Release|Any CPU.ActiveCfg = Release|Any CPU
		{D303380F-A2B2-4066-8E84-6229803EB470}.Release|Any CPU.Build.0 = Release|Any CPU
	EndGlobalSection
	GlobalSection(SolutionProperties) = preSolution
		HideSolutionNode = FALSE
	EndGlobalSection
	GlobalSection(ExtensibilityGlobals) = postSolution
		SolutionGuid = {0D9E54FA-139A-4C84-A63D-27AD1C3B2FA3}
	EndGlobalSection
EndGlobal
